// !$*UTF8*$!
{
	archiveVersion = 1;
	classes = {
	};
	objectVersion = 46;
	objects = {

/* Begin PBXBuildFile section */
		32429B781EEFB80E003CFAFF /* FDBaseViewController.m in Sources */ = {isa = PBXBuildFile; fileRef = 32429B771EEFB80E003CFAFF /* FDBaseViewController.m */; };
		32E24D631EF0D4E700BF8C38 /* mapCustomCalloutView.m in Sources */ = {isa = PBXBuildFile; fileRef = 32E24D621EF0D4E700BF8C38 /* mapCustomCalloutView.m */; };
		32E24D661EF0D68500BF8C38 /* mapCustomAnnotationView.m in Sources */ = {isa = PBXBuildFile; fileRef = 32E24D651EF0D68500BF8C38 /* mapCustomAnnotationView.m */; };
		32E24D771EF14CBB00BF8C38 /* locationListViewController.m in Sources */ = {isa = PBXBuildFile; fileRef = 32E24D761EF14CBB00BF8C38 /* locationListViewController.m */; };
		32E24D7A1EF14CD900BF8C38 /* locationListCell.m in Sources */ = {isa = PBXBuildFile; fileRef = 32E24D791EF14CD900BF8C38 /* locationListCell.m */; };
		32ED937C1EEE660F0053E211 /* main.m in Sources */ = {isa = PBXBuildFile; fileRef = 32ED937B1EEE660F0053E211 /* main.m */; };
		32ED93871EEE660F0053E211 /* Assets.xcassets in Resources */ = {isa = PBXBuildFile; fileRef = 32ED93861EEE660F0053E211 /* Assets.xcassets */; };
		32ED938A1EEE660F0053E211 /* LaunchScreen.storyboard in Resources */ = {isa = PBXBuildFile; fileRef = 32ED93881EEE660F0053E211 /* LaunchScreen.storyboard */; };
		32ED939A1EEE6BAC0053E211 /* mainViewController.m in Sources */ = {isa = PBXBuildFile; fileRef = 32ED93991EEE6BAC0053E211 /* mainViewController.m */; };
		32ED93A11EEE703F0053E211 /* AppDelegate.m in Sources */ = {isa = PBXBuildFile; fileRef = 32ED93A01EEE703F0053E211 /* AppDelegate.m */; };
		32F444571EEF8D250063453F /* FDAlertView.m in Sources */ = {isa = PBXBuildFile; fileRef = 32F444561EEF8D250063453F /* FDAlertView.m */; };
		32FB9B4E1EEE7C97003FB2C4 /* blueToothManagerVC.m in Sources */ = {isa = PBXBuildFile; fileRef = 32FB9B4D1EEE7C97003FB2C4 /* blueToothManagerVC.m */; };
		32FB9B541EEE8BAA003FB2C4 /* blueToothProtocol.m in Sources */ = {isa = PBXBuildFile; fileRef = 32FB9B531EEE8BAA003FB2C4 /* blueToothProtocol.m */; };
		32FB9B581EEE9786003FB2C4 /* blueToothPeripheralCell.m in Sources */ = {isa = PBXBuildFile; fileRef = 32FB9B571EEE9786003FB2C4 /* blueToothPeripheralCell.m */; };
		4EA83C309100BBF2BE94363F /* libPods-lightBlue.a in Frameworks */ = {isa = PBXBuildFile; fileRef = 36883DD6874805F2413E209C /* libPods-lightBlue.a */; };
/* End PBXBuildFile section */

/* Begin PBXFileReference section */
		32429B761EEFB80E003CFAFF /* FDBaseViewController.h */ = {isa = PBXFileReference; fileEncoding = 4; lastKnownFileType = sourcecode.c.h; path = FDBaseViewController.h; sourceTree = "<group>"; };
		32429B771EEFB80E003CFAFF /* FDBaseViewController.m */ = {isa = PBXFileReference; fileEncoding = 4; lastKnownFileType = sourcecode.c.objc; path = FDBaseViewController.m; sourceTree = "<group>"; };
		32E24D611EF0D4E700BF8C38 /* mapCustomCalloutView.h */ = {isa = PBXFileReference; fileEncoding = 4; lastKnownFileType = sourcecode.c.h; path = mapCustomCalloutView.h; sourceTree = "<group>"; };
		32E24D621EF0D4E700BF8C38 /* mapCustomCalloutView.m */ = {isa = PBXFileReference; fileEncoding = 4; lastKnownFileType = sourcecode.c.objc; path = mapCustomCalloutView.m; sourceTree = "<group>"; };
		32E24D641EF0D68500BF8C38 /* mapCustomAnnotationView.h */ = {isa = PBXFileReference; fileEncoding = 4; lastKnownFileType = sourcecode.c.h; path = mapCustomAnnotationView.h; sourceTree = "<group>"; };
		32E24D651EF0D68500BF8C38 /* mapCustomAnnotationView.m */ = {isa = PBXFileReference; fileEncoding = 4; lastKnownFileType = sourcecode.c.objc; path = mapCustomAnnotationView.m; sourceTree = "<group>"; };
		32E24D751EF14CBB00BF8C38 /* locationListViewController.h */ = {isa = PBXFileReference; fileEncoding = 4; lastKnownFileType = sourcecode.c.h; path = locationListViewController.h; sourceTree = "<group>"; };
		32E24D761EF14CBB00BF8C38 /* locationListViewController.m */ = {isa = PBXFileReference; fileEncoding = 4; lastKnownFileType = sourcecode.c.objc; path = locationListViewController.m; sourceTree = "<group>"; };
		32E24D781EF14CD900BF8C38 /* locationListCell.h */ = {isa = PBXFileReference; fileEncoding = 4; lastKnownFileType = sourcecode.c.h; path = locationListCell.h; sourceTree = "<group>"; };
		32E24D791EF14CD900BF8C38 /* locationListCell.m */ = {isa = PBXFileReference; fileEncoding = 4; lastKnownFileType = sourcecode.c.objc; path = locationListCell.m; sourceTree = "<group>"; };
		32ED93771EEE660F0053E211 /* lightBlue.app */ = {isa = PBXFileReference; explicitFileType = wrapper.application; includeInIndex = 0; path = lightBlue.app; sourceTree = BUILT_PRODUCTS_DIR; };
		32ED937B1EEE660F0053E211 /* main.m */ = {isa = PBXFileReference; lastKnownFileType = sourcecode.c.objc; path = main.m; sourceTree = "<group>"; };
		32ED93861EEE660F0053E211 /* Assets.xcassets */ = {isa = PBXFileReference; lastKnownFileType = folder.assetcatalog; path = Assets.xcassets; sourceTree = "<group>"; };
		32ED93891EEE660F0053E211 /* Base */ = {isa = PBXFileReference; lastKnownFileType = file.storyboard; name = Base; path = Base.lproj/LaunchScreen.storyboard; sourceTree = "<group>"; };
		32ED938B1EEE660F0053E211 /* Info.plist */ = {isa = PBXFileReference; lastKnownFileType = text.plist.xml; path = Info.plist; sourceTree = "<group>"; };
		32ED93981EEE6BAC0053E211 /* mainViewController.h */ = {isa = PBXFileReference; fileEncoding = 4; lastKnownFileType = sourcecode.c.h; path = mainViewController.h; sourceTree = "<group>"; };
		32ED93991EEE6BAC0053E211 /* mainViewController.m */ = {isa = PBXFileReference; fileEncoding = 4; lastKnownFileType = sourcecode.c.objc; path = mainViewController.m; sourceTree = "<group>"; };
		32ED939F1EEE703F0053E211 /* AppDelegate.h */ = {isa = PBXFileReference; fileEncoding = 4; lastKnownFileType = sourcecode.c.h; path = AppDelegate.h; sourceTree = "<group>"; };
		32ED93A01EEE703F0053E211 /* AppDelegate.m */ = {isa = PBXFileReference; fileEncoding = 4; lastKnownFileType = sourcecode.c.objc; path = AppDelegate.m; sourceTree = "<group>"; };
		32ED93A21EEE70770053E211 /* Marco.h */ = {isa = PBXFileReference; lastKnownFileType = sourcecode.c.h; path = Marco.h; sourceTree = "<group>"; };
		32ED93A31EEE70BE0053E211 /* ModelConstants.h */ = {isa = PBXFileReference; lastKnownFileType = sourcecode.c.h; path = ModelConstants.h; sourceTree = "<group>"; };
		32ED93A41EEE720B0053E211 /* PrefixHeader.pch */ = {isa = PBXFileReference; lastKnownFileType = sourcecode.c.h; path = PrefixHeader.pch; sourceTree = "<group>"; };
		32F444551EEF8D250063453F /* FDAlertView.h */ = {isa = PBXFileReference; fileEncoding = 4; lastKnownFileType = sourcecode.c.h; path = FDAlertView.h; sourceTree = "<group>"; };
		32F444561EEF8D250063453F /* FDAlertView.m */ = {isa = PBXFileReference; fileEncoding = 4; lastKnownFileType = sourcecode.c.objc; path = FDAlertView.m; sourceTree = "<group>"; };
		32FB9B4C1EEE7C97003FB2C4 /* blueToothManagerVC.h */ = {isa = PBXFileReference; fileEncoding = 4; lastKnownFileType = sourcecode.c.h; path = blueToothManagerVC.h; sourceTree = "<group>"; };
		32FB9B4D1EEE7C97003FB2C4 /* blueToothManagerVC.m */ = {isa = PBXFileReference; fileEncoding = 4; lastKnownFileType = sourcecode.c.objc; path = blueToothManagerVC.m; sourceTree = "<group>"; };
		32FB9B4F1EEE803D003FB2C4 /* UIConstants.h */ = {isa = PBXFileReference; lastKnownFileType = sourcecode.c.h; path = UIConstants.h; sourceTree = "<group>"; };
		32FB9B521EEE8BAA003FB2C4 /* blueToothProtocol.h */ = {isa = PBXFileReference; fileEncoding = 4; lastKnownFileType = sourcecode.c.h; path = blueToothProtocol.h; sourceTree = "<group>"; };
		32FB9B531EEE8BAA003FB2C4 /* blueToothProtocol.m */ = {isa = PBXFileReference; fileEncoding = 4; lastKnownFileType = sourcecode.c.objc; path = blueToothProtocol.m; sourceTree = "<group>"; };
		32FB9B561EEE9786003FB2C4 /* blueToothPeripheralCell.h */ = {isa = PBXFileReference; fileEncoding = 4; lastKnownFileType = sourcecode.c.h; path = blueToothPeripheralCell.h; sourceTree = "<group>"; };
		32FB9B571EEE9786003FB2C4 /* blueToothPeripheralCell.m */ = {isa = PBXFileReference; fileEncoding = 4; lastKnownFileType = sourcecode.c.objc; path = blueToothPeripheralCell.m; sourceTree = "<group>"; };
		36883DD6874805F2413E209C /* libPods-lightBlue.a */ = {isa = PBXFileReference; explicitFileType = archive.ar; includeInIndex = 0; path = "libPods-lightBlue.a"; sourceTree = BUILT_PRODUCTS_DIR; };
		449C5E34940C63E72A4B6096 /* Pods-lightBlue.release.xcconfig */ = {isa = PBXFileReference; includeInIndex = 1; lastKnownFileType = text.xcconfig; name = "Pods-lightBlue.release.xcconfig"; path = "Pods/Target Support Files/Pods-lightBlue/Pods-lightBlue.release.xcconfig"; sourceTree = "<group>"; };
		7D135A5F1D8352549D2C6AB6 /* Pods-lightBlue.debug.xcconfig */ = {isa = PBXFileReference; includeInIndex = 1; lastKnownFileType = text.xcconfig; name = "Pods-lightBlue.debug.xcconfig"; path = "Pods/Target Support Files/Pods-lightBlue/Pods-lightBlue.debug.xcconfig"; sourceTree = "<group>"; };
/* End PBXFileReference section */

/* Begin PBXFrameworksBuildPhase section */
		32ED93741EEE660F0053E211 /* Frameworks */ = {
			isa = PBXFrameworksBuildPhase;
			buildActionMask = 2147483647;
			files = (
				4EA83C309100BBF2BE94363F /* libPods-lightBlue.a in Frameworks */,
			);
			runOnlyForDeploymentPostprocessing = 0;
		};
/* End PBXFrameworksBuildPhase section */

/* Begin PBXGroup section */
		32429B751EEFB7F5003CFAFF /* Controller */ = {
			isa = PBXGroup;
			children = (
				32429B761EEFB80E003CFAFF /* FDBaseViewController.h */,
				32429B771EEFB80E003CFAFF /* FDBaseViewController.m */,
			);
			path = Controller;
			sourceTree = "<group>";
		};
		32E24D711EF14C8600BF8C38 /* locationList */ = {
			isa = PBXGroup;
			children = (
				32E24D721EF14C8600BF8C38 /* Controller */,
				32E24D731EF14C8600BF8C38 /* Model */,
				32E24D741EF14C8600BF8C38 /* View */,
			);
			path = locationList;
			sourceTree = "<group>";
		};
		32E24D721EF14C8600BF8C38 /* Controller */ = {
			isa = PBXGroup;
			children = (
				32E24D751EF14CBB00BF8C38 /* locationListViewController.h */,
				32E24D761EF14CBB00BF8C38 /* locationListViewController.m */,
			);
			path = Controller;
			sourceTree = "<group>";
		};
		32E24D731EF14C8600BF8C38 /* Model */ = {
			isa = PBXGroup;
			children = (
			);
			path = Model;
			sourceTree = "<group>";
		};
		32E24D741EF14C8600BF8C38 /* View */ = {
			isa = PBXGroup;
			children = (
				32E24D781EF14CD900BF8C38 /* locationListCell.h */,
				32E24D791EF14CD900BF8C38 /* locationListCell.m */,
			);
			path = View;
			sourceTree = "<group>";
		};
		32ED936E1EEE660E0053E211 = {
			isa = PBXGroup;
			children = (
				32ED93791EEE660F0053E211 /* lightBlue */,
				32ED93781EEE660F0053E211 /* Products */,
				3CBDA7ADEF53F83291D75146 /* Pods */,
				4845E885C77BD60CE407845C /* Frameworks */,
			);
			sourceTree = "<group>";
		};
		32ED93781EEE660F0053E211 /* Products */ = {
			isa = PBXGroup;
			children = (
				32ED93771EEE660F0053E211 /* lightBlue.app */,
			);
			name = Products;
			sourceTree = "<group>";
		};
		32ED93791EEE660F0053E211 /* lightBlue */ = {
			isa = PBXGroup;
			children = (
				32ED939D1EEE70150053E211 /* Common */,
				32ED939E1EEE70150053E211 /* Constants */,
				32ED939C1EEE70080053E211 /* AppDelegate */,
				32ED93941EEE6B490053E211 /* Main */,
				32E24D711EF14C8600BF8C38 /* locationList */,
				32ED93911EEE6B1D0053E211 /* blueTooth */,
				32ED93861EEE660F0053E211 /* Assets.xcassets */,
				32ED93881EEE660F0053E211 /* LaunchScreen.storyboard */,
				32ED938B1EEE660F0053E211 /* Info.plist */,
				32ED937A1EEE660F0053E211 /* Supporting Files */,
			);
			path = lightBlue;
			sourceTree = "<group>";
		};
		32ED937A1EEE660F0053E211 /* Supporting Files */ = {
			isa = PBXGroup;
			children = (
				32ED937B1EEE660F0053E211 /* main.m */,
				32ED93A41EEE720B0053E211 /* PrefixHeader.pch */,
			);
			name = "Supporting Files";
			sourceTree = "<group>";
		};
		32ED93911EEE6B1D0053E211 /* blueTooth */ = {
			isa = PBXGroup;
			children = (
				32FB9B511EEE8B88003FB2C4 /* Model */,
				32ED93921EEE6B1D0053E211 /* Controller */,
				32ED93931EEE6B1D0053E211 /* View */,
			);
			path = blueTooth;
			sourceTree = "<group>";
		};
		32ED93921EEE6B1D0053E211 /* Controller */ = {
			isa = PBXGroup;
			children = (
				32FB9B4C1EEE7C97003FB2C4 /* blueToothManagerVC.h */,
				32FB9B4D1EEE7C97003FB2C4 /* blueToothManagerVC.m */,
			);
			path = Controller;
			sourceTree = "<group>";
		};
		32ED93931EEE6B1D0053E211 /* View */ = {
			isa = PBXGroup;
			children = (
				32FB9B561EEE9786003FB2C4 /* blueToothPeripheralCell.h */,
				32FB9B571EEE9786003FB2C4 /* blueToothPeripheralCell.m */,
			);
			path = View;
			sourceTree = "<group>";
		};
		32ED93941EEE6B490053E211 /* Main */ = {
			isa = PBXGroup;
			children = (
				32ED93951EEE6B490053E211 /* Controller */,
				32ED93961EEE6B490053E211 /* View */,
			);
			path = Main;
			sourceTree = "<group>";
		};
		32ED93951EEE6B490053E211 /* Controller */ = {
			isa = PBXGroup;
			children = (
				32ED93981EEE6BAC0053E211 /* mainViewController.h */,
				32ED93991EEE6BAC0053E211 /* mainViewController.m */,
			);
			path = Controller;
			sourceTree = "<group>";
		};
		32ED93961EEE6B490053E211 /* View */ = {
			isa = PBXGroup;
			children = (
				32E24D611EF0D4E700BF8C38 /* mapCustomCalloutView.h */,
				32E24D621EF0D4E700BF8C38 /* mapCustomCalloutView.m */,
				32E24D641EF0D68500BF8C38 /* mapCustomAnnotationView.h */,
				32E24D651EF0D68500BF8C38 /* mapCustomAnnotationView.m */,
			);
			path = View;
			sourceTree = "<group>";
		};
		32ED939C1EEE70080053E211 /* AppDelegate */ = {
			isa = PBXGroup;
			children = (
				32ED939F1EEE703F0053E211 /* AppDelegate.h */,
				32ED93A01EEE703F0053E211 /* AppDelegate.m */,
			);
			path = AppDelegate;
			sourceTree = "<group>";
		};
		32ED939D1EEE70150053E211 /* Common */ = {
			isa = PBXGroup;
			children = (
				32429B751EEFB7F5003CFAFF /* Controller */,
				32F444541EEF8CFB0063453F /* view */,
			);
			path = Common;
			sourceTree = "<group>";
		};
		32ED939E1EEE70150053E211 /* Constants */ = {
			isa = PBXGroup;
			children = (
				32ED93A21EEE70770053E211 /* Marco.h */,
				32ED93A31EEE70BE0053E211 /* ModelConstants.h */,
				32FB9B4F1EEE803D003FB2C4 /* UIConstants.h */,
			);
			path = Constants;
			sourceTree = "<group>";
		};
		32F444541EEF8CFB0063453F /* view */ = {
			isa = PBXGroup;
			children = (
				32F444551EEF8D250063453F /* FDAlertView.h */,
				32F444561EEF8D250063453F /* FDAlertView.m */,
			);
			path = view;
			sourceTree = "<group>";
		};
		32FB9B511EEE8B88003FB2C4 /* Model */ = {
			isa = PBXGroup;
			children = (
				32FB9B521EEE8BAA003FB2C4 /* blueToothProtocol.h */,
				32FB9B531EEE8BAA003FB2C4 /* blueToothProtocol.m */,
			);
			path = Model;
			sourceTree = "<group>";
		};
		3CBDA7ADEF53F83291D75146 /* Pods */ = {
			isa = PBXGroup;
			children = (
				7D135A5F1D8352549D2C6AB6 /* Pods-lightBlue.debug.xcconfig */,
				449C5E34940C63E72A4B6096 /* Pods-lightBlue.release.xcconfig */,
			);
			name = Pods;
			sourceTree = "<group>";
		};
		4845E885C77BD60CE407845C /* Frameworks */ = {
			isa = PBXGroup;
			children = (
				36883DD6874805F2413E209C /* libPods-lightBlue.a */,
			);
			name = Frameworks;
			sourceTree = "<group>";
		};
/* End PBXGroup section */

/* Begin PBXNativeTarget section */
		32ED93761EEE660F0053E211 /* lightBlue */ = {
			isa = PBXNativeTarget;
			buildConfigurationList = 32ED938E1EEE660F0053E211 /* Build configuration list for PBXNativeTarget "lightBlue" */;
			buildPhases = (
				AA4CCDAE574967BD917075CC /* [CP] Check Pods Manifest.lock */,
				32ED93731EEE660F0053E211 /* Sources */,
				32ED93741EEE660F0053E211 /* Frameworks */,
				32ED93751EEE660F0053E211 /* Resources */,
				D93F1B1DD2ADF2D2EC0BF92E /* [CP] Embed Pods Frameworks */,
				F3D1B08269522C385E29D862 /* [CP] Copy Pods Resources */,
			);
			buildRules = (
			);
			dependencies = (
			);
			name = lightBlue;
			productName = lightBlue;
			productReference = 32ED93771EEE660F0053E211 /* lightBlue.app */;
			productType = "com.apple.product-type.application";
		};
/* End PBXNativeTarget section */

/* Begin PBXProject section */
		32ED936F1EEE660E0053E211 /* Project object */ = {
			isa = PBXProject;
			attributes = {
				CLASSPREFIX = LL;
				LastUpgradeCheck = 0830;
				ORGANIZATIONNAME = wlinlin;
				TargetAttributes = {
					32ED93761EEE660F0053E211 = {
						CreatedOnToolsVersion = 8.3.1;
						DevelopmentTeam = 6H84386C96;
						ProvisioningStyle = Automatic;
						SystemCapabilities = {
							com.apple.BackgroundModes = {
								enabled = 1;
							};
						};
					};
				};
			};
			buildConfigurationList = 32ED93721EEE660E0053E211 /* Build configuration list for PBXProject "lightBlue" */;
			compatibilityVersion = "Xcode 3.2";
			developmentRegion = English;
			hasScannedForEncodings = 0;
			knownRegions = (
				en,
				Base,
			);
			mainGroup = 32ED936E1EEE660E0053E211;
			productRefGroup = 32ED93781EEE660F0053E211 /* Products */;
			projectDirPath = "";
			projectRoot = "";
			targets = (
				32ED93761EEE660F0053E211 /* lightBlue */,
			);
		};
/* End PBXProject section */

/* Begin PBXResourcesBuildPhase section */
		32ED93751EEE660F0053E211 /* Resources */ = {
			isa = PBXResourcesBuildPhase;
			buildActionMask = 2147483647;
			files = (
				32ED938A1EEE660F0053E211 /* LaunchScreen.storyboard in Resources */,
				32ED93871EEE660F0053E211 /* Assets.xcassets in Resources */,
			);
			runOnlyForDeploymentPostprocessing = 0;
		};
/* End PBXResourcesBuildPhase section */

/* Begin PBXShellScriptBuildPhase section */
		AA4CCDAE574967BD917075CC /* [CP] Check Pods Manifest.lock */ = {
			isa = PBXShellScriptBuildPhase;
			buildActionMask = 2147483647;
			files = (
			);
			inputPaths = (
			);
			name = "[CP] Check Pods Manifest.lock";
			outputPaths = (
			);
			runOnlyForDeploymentPostprocessing = 0;
			shellPath = /bin/sh;
			shellScript = "diff \"${PODS_PODFILE_DIR_PATH}/Podfile.lock\" \"${PODS_ROOT}/Manifest.lock\" > /dev/null\nif [ $? != 0 ] ; then\n    # print error to STDERR\n    echo \"error: The sandbox is not in sync with the Podfile.lock. Run 'pod install' or update your CocoaPods installation.\" >&2\n    exit 1\nfi\n";
			showEnvVarsInLog = 0;
		};
		D93F1B1DD2ADF2D2EC0BF92E /* [CP] Embed Pods Frameworks */ = {
			isa = PBXShellScriptBuildPhase;
			buildActionMask = 2147483647;
			files = (
			);
			inputPaths = (
			);
			name = "[CP] Embed Pods Frameworks";
			outputPaths = (
			);
			runOnlyForDeploymentPostprocessing = 0;
			shellPath = /bin/sh;
			shellScript = "\"${SRCROOT}/Pods/Target Support Files/Pods-lightBlue/Pods-lightBlue-frameworks.sh\"\n";
			showEnvVarsInLog = 0;
		};
		F3D1B08269522C385E29D862 /* [CP] Copy Pods Resources */ = {
			isa = PBXShellScriptBuildPhase;
			buildActionMask = 2147483647;
			files = (
			);
			inputPaths = (
			);
			name = "[CP] Copy Pods Resources";
			outputPaths = (
			);
			runOnlyForDeploymentPostprocessing = 0;
			shellPath = /bin/sh;
			shellScript = "\"${SRCROOT}/Pods/Target Support Files/Pods-lightBlue/Pods-lightBlue-resources.sh\"\n";
			showEnvVarsInLog = 0;
		};
/* End PBXShellScriptBuildPhase section */

/* Begin PBXSourcesBuildPhase section */
		32ED93731EEE660F0053E211 /* Sources */ = {
			isa = PBXSourcesBuildPhase;
			buildActionMask = 2147483647;
			files = (
				32ED939A1EEE6BAC0053E211 /* mainViewController.m in Sources */,
				32E24D771EF14CBB00BF8C38 /* locationListViewController.m in Sources */,
				32FB9B4E1EEE7C97003FB2C4 /* blueToothManagerVC.m in Sources */,
				32E24D661EF0D68500BF8C38 /* mapCustomAnnotationView.m in Sources */,
				32FB9B581EEE9786003FB2C4 /* blueToothPeripheralCell.m in Sources */,
				32E24D631EF0D4E700BF8C38 /* mapCustomCalloutView.m in Sources */,
				32ED937C1EEE660F0053E211 /* main.m in Sources */,
				32F444571EEF8D250063453F /* FDAlertView.m in Sources */,
				32429B781EEFB80E003CFAFF /* FDBaseViewController.m in Sources */,
				32ED93A11EEE703F0053E211 /* AppDelegate.m in Sources */,
				32E24D7A1EF14CD900BF8C38 /* locationListCell.m in Sources */,
				32FB9B541EEE8BAA003FB2C4 /* blueToothProtocol.m in Sources */,
			);
			runOnlyForDeploymentPostprocessing = 0;
		};
/* End PBXSourcesBuildPhase section */

/* Begin PBXVariantGroup section */
		32ED93881EEE660F0053E211 /* LaunchScreen.storyboard */ = {
			isa = PBXVariantGroup;
			children = (
				32ED93891EEE660F0053E211 /* Base */,
			);
			name = LaunchScreen.storyboard;
			sourceTree = "<group>";
		};
/* End PBXVariantGroup section */

/* Begin XCBuildConfiguration section */
		32ED938C1EEE660F0053E211 /* Debug */ = {
			isa = XCBuildConfiguration;
			buildSettings = {
				ALWAYS_SEARCH_USER_PATHS = NO;
				CLANG_ANALYZER_NONNULL = YES;
				CLANG_ANALYZER_NUMBER_OBJECT_CONVERSION = YES_AGGRESSIVE;
				CLANG_CXX_LANGUAGE_STANDARD = "gnu++0x";
				CLANG_CXX_LIBRARY = "libc++";
				CLANG_ENABLE_MODULES = YES;
				CLANG_ENABLE_OBJC_ARC = YES;
				CLANG_WARN_BOOL_CONVERSION = YES;
				CLANG_WARN_CONSTANT_CONVERSION = YES;
				CLANG_WARN_DIRECT_OBJC_ISA_USAGE = YES_ERROR;
				CLANG_WARN_DOCUMENTATION_COMMENTS = YES;
				CLANG_WARN_EMPTY_BODY = YES;
				CLANG_WARN_ENUM_CONVERSION = YES;
				CLANG_WARN_INFINITE_RECURSION = YES;
				CLANG_WARN_INT_CONVERSION = YES;
				CLANG_WARN_OBJC_ROOT_CLASS = YES_ERROR;
				CLANG_WARN_SUSPICIOUS_MOVE = YES;
				CLANG_WARN_UNREACHABLE_CODE = YES;
				CLANG_WARN__DUPLICATE_METHOD_MATCH = YES;
				"CODE_SIGN_IDENTITY[sdk=iphoneos*]" = "iPhone Developer";
				COPY_PHASE_STRIP = NO;
				DEBUG_INFORMATION_FORMAT = dwarf;
				ENABLE_STRICT_OBJC_MSGSEND = YES;
				ENABLE_TESTABILITY = YES;
				GCC_C_LANGUAGE_STANDARD = gnu99;
				GCC_DYNAMIC_NO_PIC = NO;
				GCC_NO_COMMON_BLOCKS = YES;
				GCC_OPTIMIZATION_LEVEL = 0;
				GCC_PREPROCESSOR_DEFINITIONS = (
					"DEBUG=1",
					"$(inherited)",
				);
				GCC_WARN_64_TO_32_BIT_CONVERSION = YES;
				GCC_WARN_ABOUT_RETURN_TYPE = YES_ERROR;
				GCC_WARN_UNDECLARED_SELECTOR = YES;
				GCC_WARN_UNINITIALIZED_AUTOS = YES_AGGRESSIVE;
				GCC_WARN_UNUSED_FUNCTION = YES;
				GCC_WARN_UNUSED_VARIABLE = YES;
				IPHONEOS_DEPLOYMENT_TARGET = 10.3;
				MTL_ENABLE_DEBUG_INFO = YES;
				ONLY_ACTIVE_ARCH = YES;
				SDKROOT = iphoneos;
				TARGETED_DEVICE_FAMILY = 2;
			};
			name = Debug;
		};
		32ED938D1EEE660F0053E211 /* Release */ = {
			isa = XCBuildConfiguration;
			buildSettings = {
				ALWAYS_SEARCH_USER_PATHS = NO;
				CLANG_ANALYZER_NONNULL = YES;
				CLANG_ANALYZER_NUMBER_OBJECT_CONVERSION = YES_AGGRESSIVE;
				CLANG_CXX_LANGUAGE_STANDARD = "gnu++0x";
				CLANG_CXX_LIBRARY = "libc++";
				CLANG_ENABLE_MODULES = YES;
				CLANG_ENABLE_OBJC_ARC = YES;
				CLANG_WARN_BOOL_CONVERSION = YES;
				CLANG_WARN_CONSTANT_CONVERSION = YES;
				CLANG_WARN_DIRECT_OBJC_ISA_USAGE = YES_ERROR;
				CLANG_WARN_DOCUMENTATION_COMMENTS = YES;
				CLANG_WARN_EMPTY_BODY = YES;
				CLANG_WARN_ENUM_CONVERSION = YES;
				CLANG_WARN_INFINITE_RECURSION = YES;
				CLANG_WARN_INT_CONVERSION = YES;
				CLANG_WARN_OBJC_ROOT_CLASS = YES_ERROR;
				CLANG_WARN_SUSPICIOUS_MOVE = YES;
				CLANG_WARN_UNREACHABLE_CODE = YES;
				CLANG_WARN__DUPLICATE_METHOD_MATCH = YES;
				"CODE_SIGN_IDENTITY[sdk=iphoneos*]" = "iPhone Developer";
				COPY_PHASE_STRIP = NO;
				DEBUG_INFORMATION_FORMAT = "dwarf-with-dsym";
				ENABLE_NS_ASSERTIONS = NO;
				ENABLE_STRICT_OBJC_MSGSEND = YES;
				GCC_C_LANGUAGE_STANDARD = gnu99;
				GCC_NO_COMMON_BLOCKS = YES;
				GCC_WARN_64_TO_32_BIT_CONVERSION = YES;
				GCC_WARN_ABOUT_RETURN_TYPE = YES_ERROR;
				GCC_WARN_UNDECLARED_SELECTOR = YES;
				GCC_WARN_UNINITIALIZED_AUTOS = YES_AGGRESSIVE;
				GCC_WARN_UNUSED_FUNCTION = YES;
				GCC_WARN_UNUSED_VARIABLE = YES;
				IPHONEOS_DEPLOYMENT_TARGET = 10.3;
				MTL_ENABLE_DEBUG_INFO = NO;
				SDKROOT = iphoneos;
				TARGETED_DEVICE_FAMILY = 2;
				VALIDATE_PRODUCT = YES;
			};
			name = Release;
		};
		32ED938F1EEE660F0053E211 /* Debug */ = {
			isa = XCBuildConfiguration;
			baseConfigurationReference = 7D135A5F1D8352549D2C6AB6 /* Pods-lightBlue.debug.xcconfig */;
			buildSettings = {
				ASSETCATALOG_COMPILER_APPICON_NAME = AppIcon;
				DEVELOPMENT_TEAM = 6H84386C96;
				GCC_PRECOMPILE_PREFIX_HEADER = YES;
				GCC_PREFIX_HEADER = /Users/wlinlin/Desktop/lightBlue/lightBlue/lightBlue/PrefixHeader.pch;
				INFOPLIST_FILE = lightBlue/Info.plist;
				IPHONEOS_DEPLOYMENT_TARGET = 8.0;
				LD_RUNPATH_SEARCH_PATHS = "$(inherited) @executable_path/Frameworks";
				PRODUCT_BUNDLE_IDENTIFIER = "llwang-ideabinder.com.lightBlue";
				PRODUCT_NAME = "$(TARGET_NAME)";
				TARGETED_DEVICE_FAMILY = 2;
			};
			name = Debug;
		};
		32ED93901EEE660F0053E211 /* Release */ = {
			isa = XCBuildConfiguration;
			baseConfigurationReference = 449C5E34940C63E72A4B6096 /* Pods-lightBlue.release.xcconfig */;
			buildSettings = {
				ASSETCATALOG_COMPILER_APPICON_NAME = AppIcon;
				DEVELOPMENT_TEAM = 6H84386C96;
				GCC_PRECOMPILE_PREFIX_HEADER = YES;
				GCC_PREFIX_HEADER = /Users/wlinlin/Desktop/lightBlue/lightBlue/lightBlue/PrefixHeader.pch;
				INFOPLIST_FILE = lightBlue/Info.plist;
				IPHONEOS_DEPLOYMENT_TARGET = 8.0;
				LD_RUNPATH_SEARCH_PATHS = "$(inherited) @executable_path/Frameworks";
				PRODUCT_BUNDLE_IDENTIFIER = "llwang-ideabinder.com.lightBlue";
				PRODUCT_NAME = "$(TARGET_NAME)";
				TARGETED_DEVICE_FAMILY = 2;
			};
			name = Release;
		};
/* End XCBuildConfiguration section */

/* Begin XCConfigurationList section */
		32ED93721EEE660E0053E211 /* Build configuration list for PBXProject "lightBlue" */ = {
			isa = XCConfigurationList;
			buildConfigurations = (
				32ED938C1EEE660F0053E211 /* Debug */,
				32ED938D1EEE660F0053E211 /* Release */,
			);
			defaultConfigurationIsVisible = 0;
			defaultConfigurationName = Release;
		};
		32ED938E1EEE660F0053E211 /* Build configuration list for PBXNativeTarget "lightBlue" */ = {
			isa = XCConfigurationList;
			buildConfigurations = (
				32ED938F1EEE660F0053E211 /* Debug */,
				32ED93901EEE660F0053E211 /* Release */,
			);
			defaultConfigurationIsVisible = 0;
			defaultConfigurationName = Release;
		};
/* End XCConfigurationList section */
	};
	rootObject = 32ED936F1EEE660E0053E211 /* Project object */;
}
